
Microsoft Visual Studio Solution File, Format Version 12.00
# Visual Studio Version 17
VisualStudioVersion = 17.11.35208.52
MinimumVisualStudioVersion = 10.0.40219.1
Project("{FAE04EC0-301F-11D3-BF4B-00C04F79EFBC}") = "IsmaelGit", "IsmaelGit\IsmaelGit.csproj", "{8F5575B5-4C25-4033-868C-1F9C5F687581}"
EndProject
Global
	GlobalSection(SolutionConfigurationPlatforms) = preSolution
		Debug|Any CPU = Debug|Any CPU
		Release|Any CPU = Release|Any CPU
	EndGlobalSection
	GlobalSection(ProjectConfigurationPlatforms) = postSolution
		{8F5575B5-4C25-4033-868C-1F9C5F687581}.Debug|Any CPU.ActiveCfg = Debug|Any CPU
		{8F5575B5-4C25-4033-868C-1F9C5F687581}.Debug|Any CPU.Build.0 = Debug|Any CPU
		{8F5575B5-4C25-4033-868C-1F9C5F687581}.Release|Any CPU.ActiveCfg = Release|Any CPU
		{8F5575B5-4C25-4033-868C-1F9C5F687581}.Release|Any CPU.Build.0 = Release|Any CPU
	EndGlobalSection
	GlobalSection(SolutionProperties) = preSolution
		HideSolutionNode = FALSE
	EndGlobalSection
	GlobalSection(ExtensibilityGlobals) = postSolution
		SolutionGuid = {3AE1759B-53D5-4A88-8054-D63D8B36DE1E}
	EndGlobalSection
EndGlobal
